{
  "R": {
    "Version": "4.2.1",
    "Repositories": [
      {
        "Name": "CRAN",
        "URL": "https://cran.rstudio.com"
      }
    ]
  },
  "Packages": {
    "DALEXtra": {
      "Package": "DALEXtra",
      "Version": "2.3.0",
      "Source": "Repository",
      "Repository": "CRAN",
      "Requirements": [
        "DALEX",
        "R",
        "ggplot2"
      ],
      "Hash": "6c7cb21e59aa3528664280fc8630b27d"
    },
    "DT": {
      "Package": "DT",
      "Version": "0.28",
      "Source": "Repository",
      "Repository": "CRAN",
      "Requirements": [
        "crosstalk",
        "htmltools",
        "htmlwidgets",
        "jquerylib",
        "jsonlite",
        "magrittr",
        "promises"
      ],
      "Hash": "ab745834dfae7eaf71dd0b90f3b66759"
    },
    "baguette": {
      "Package": "baguette",
      "Version": "1.0.1",
      "Source": "Repository",
      "Repository": "CRAN",
      "Requirements": [
        "C50",
        "R",
        "butcher",
        "dials",
        "dplyr",
        "earth",
        "furrr",
        "generics",
        "hardhat",
        "magrittr",
        "parsnip",
        "purrr",
        "rlang",
        "rpart",
        "rsample",
        "tibble",
        "tidyr",
        "utils",
        "withr"
      ],
      "Hash": "b7bd52098388a070314251c327725cee"
    },
    "bonsai": {
      "Package": "bonsai",
      "Version": "0.2.1",
      "Source": "Repository",
      "Repository": "CRAN",
      "Requirements": [
        "cli",
        "dials",
        "dplyr",
        "glue",
        "parsnip",
        "purrr",
        "rlang",
        "stats",
        "tibble",
        "utils"
      ],
      "Hash": "c086fa23dfeac2d2b95f758dfa917c3d"
    },
    "broom": {
      "Package": "broom",
      "Version": "1.0.5",
      "Source": "Repository",
      "Repository": "CRAN",
      "Requirements": [
        "R",
        "backports",
        "dplyr",
        "ellipsis",
        "generics",
        "glue",
        "lifecycle",
        "purrr",
        "rlang",
        "stringr",
        "tibble",
        "tidyr"
      ],
      "Hash": "fd25391c3c4f6ecf0fa95f1e6d15378c"
    },
    "dbarts": {
      "Package": "dbarts",
      "Version": "0.9-23",
      "Source": "Repository",
      "Repository": "CRAN",
      "Requirements": [
        "R",
        "graphics",
        "methods",
        "parallel",
        "stats"
      ],
      "Hash": "c05310a8c618eaf8590083ebf75746b4"
    },
    "devtools": {
      "Package": "devtools",
      "Version": "2.4.5",
      "Source": "Repository",
      "Repository": "CRAN",
      "Requirements": [
        "R",
        "cli",
        "desc",
        "ellipsis",
        "fs",
        "lifecycle",
        "memoise",
        "miniUI",
        "pkgbuild",
        "pkgdown",
        "pkgload",
        "profvis",
        "rcmdcheck",
        "remotes",
        "rlang",
        "roxygen2",
        "rversions",
        "sessioninfo",
        "stats",
        "testthat",
        "tools",
        "urlchecker",
        "usethis",
        "utils",
        "withr"
      ],
      "Hash": "ea5bc8b4a6a01e4f12d98b58329930bb"
    },
    "dials": {
      "Package": "dials",
      "Version": "1.2.0",
      "Source": "Repository",
      "Repository": "CRAN",
      "Requirements": [
        "DiceDesign",
        "R",
        "cli",
        "dplyr",
        "glue",
        "hardhat",
        "lifecycle",
        "pillar",
        "purrr",
        "rlang",
        "scales",
        "tibble",
        "utils",
        "vctrs",
        "withr"
      ],
      "Hash": "ce71836ecc0efd70890c6825c8b4ff47"
    },
    "dplyr": {
      "Package": "dplyr",
      "Version": "1.1.2",
      "Source": "Repository",
      "Repository": "CRAN",
      "Requirements": [
        "R",
        "R6",
        "cli",
        "generics",
        "glue",
        "lifecycle",
        "magrittr",
        "methods",
        "pillar",
        "rlang",
        "tibble",
        "tidyselect",
        "utils",
        "vctrs"
      ],
      "Hash": "dea6970ff715ca541c387de363ff405e"
    },
    "fuzzyjoin": {
      "Package": "fuzzyjoin",
      "Version": "0.1.6",
      "Source": "Repository",
      "Repository": "CRAN",
      "Requirements": [
        "R",
        "dplyr",
        "geosphere",
        "purrr",
        "stringdist",
        "stringr",
        "tibble",
        "tidyr"
      ],
      "Hash": "24af5fc67dbeaac6d776a8e6630aacd9"
    },
    "ggplot2": {
      "Package": "ggplot2",
      "Version": "3.4.2",
      "Source": "Repository",
      "Repository": "CRAN",
      "Requirements": [
        "MASS",
        "R",
        "cli",
        "glue",
        "grDevices",
        "grid",
        "gtable",
        "isoband",
        "lifecycle",
        "mgcv",
        "rlang",
        "scales",
        "stats",
        "tibble",
        "vctrs",
        "withr"
      ],
      "Hash": "3a147ee02e85a8941aad9909f1b43b7b"
    },
    "glmnet": {
      "Package": "glmnet",
      "Version": "4.1-7",
      "Source": "Repository",
      "Repository": "CRAN",
      "Requirements": [
        "Matrix",
        "R",
        "Rcpp",
        "RcppEigen",
        "foreach",
        "methods",
        "shape",
        "survival",
        "utils"
      ],
      "Hash": "06f12f72ce94e533751a041cef8b71bc"
    },
    "janitor": {
      "Package": "janitor",
      "Version": "2.2.0",
      "Source": "Repository",
      "Repository": "CRAN",
      "Requirements": [
        "R",
        "dplyr",
        "hms",
        "lifecycle",
        "lubridate",
        "magrittr",
        "purrr",
        "rlang",
        "snakecase",
        "stringi",
        "stringr",
        "tidyr",
        "tidyselect"
      ],
      "Hash": "5baae149f1082f466df9d1442ba7aa65"
    },
    "lubridate": {
      "Package": "lubridate",
      "Version": "1.9.2",
      "Source": "Repository",
      "Repository": "CRAN",
      "Requirements": [
        "R",
        "generics",
        "methods",
        "timechange"
      ],
      "Hash": "e25f18436e3efd42c7c590a1c4c15390"
    },
    "modeldata": {
      "Package": "modeldata",
      "Version": "1.1.0",
      "Source": "Repository",
      "Repository": "CRAN",
      "Requirements": [
        "MASS",
        "R",
        "dplyr",
        "purrr",
        "rlang",
        "tibble"
      ],
      "Hash": "df65cdee10e24635c6491ed5a98a31ef"
    },
    "parsnip": {
      "Package": "parsnip",
      "Version": "1.1.0",
      "Source": "Repository",
      "Repository": "CRAN",
      "Requirements": [
        "R",
        "cli",
        "dplyr",
        "generics",
        "ggplot2",
        "globals",
        "glue",
        "hardhat",
        "lifecycle",
        "magrittr",
        "pillar",
        "prettyunits",
        "purrr",
        "rlang",
        "stats",
        "tibble",
        "tidyr",
        "utils",
        "vctrs",
        "withr"
      ],
      "Hash": "009152502d5125513c353612052e9d4e"
    },
    "partykit": {
      "Package": "partykit",
      "Version": "1.2-20",
      "Source": "Repository",
      "Repository": "CRAN",
      "Requirements": [
        "Formula",
        "R",
        "grDevices",
        "graphics",
        "grid",
        "inum",
        "libcoin",
        "mvtnorm",
        "rpart",
        "stats",
        "survival",
        "utils"
      ],
      "Hash": "8551bfc8d1d6ab813e2e5c8917268cd4"
    },
    "plotly": {
      "Package": "plotly",
      "Version": "4.10.2",
      "Source": "Repository",
      "Repository": "CRAN",
      "Requirements": [
        "R",
        "RColorBrewer",
        "base64enc",
        "crosstalk",
        "data.table",
        "digest",
        "dplyr",
        "ggplot2",
        "htmltools",
        "htmlwidgets",
        "httr",
        "jsonlite",
        "lazyeval",
        "magrittr",
        "promises",
        "purrr",
        "rlang",
        "scales",
        "tibble",
        "tidyr",
        "tools",
        "vctrs",
        "viridisLite"
      ],
      "Hash": "6c00a09ba7d34917d9a3e28b15dd74e3"
    },
    "poissonreg": {
      "Package": "poissonreg",
      "Version": "1.0.1",
      "Source": "Repository",
      "Repository": "CRAN",
      "Requirements": [
        "R",
        "dplyr",
        "generics",
        "glue",
        "parsnip",
        "purrr",
        "rlang",
        "stats",
        "tibble",
        "tidyr"
      ],
      "Hash": "e736653bf804154decc6f28e7a414d01"
    },
    "purrr": {
      "Package": "purrr",
      "Version": "1.0.1",
      "Source": "Repository",
      "Repository": "CRAN",
      "Requirements": [
        "R",
        "cli",
        "lifecycle",
        "magrittr",
        "rlang",
        "vctrs"
      ],
      "Hash": "d71c815267c640f17ddbf7f16144b4bb"
    },
    "ranger": {
      "Package": "ranger",
      "Version": "0.15.1",
      "Source": "Repository",
      "Repository": "CRAN",
      "Requirements": [
        "Matrix",
        "R",
        "Rcpp",
        "RcppEigen"
      ],
      "Hash": "ec74161e5a464623b0cdfc435f9926ed"
    },
    "readr": {
      "Package": "readr",
      "Version": "2.1.4",
      "Source": "Repository",
      "Repository": "CRAN",
      "Requirements": [
        "R",
        "R6",
        "cli",
        "clipr",
        "cpp11",
        "crayon",
        "hms",
        "lifecycle",
        "methods",
        "rlang",
        "tibble",
        "tzdb",
        "utils",
        "vroom"
      ],
      "Hash": "b5047343b3825f37ad9d3b5d89aa1078"
    },
    "recipes": {
      "Package": "recipes",
      "Version": "1.0.6",
      "Source": "Repository",
      "Repository": "CRAN",
      "Requirements": [
        "Matrix",
        "R",
        "cli",
        "clock",
        "dplyr",
        "ellipsis",
        "generics",
        "glue",
        "gower",
        "hardhat",
        "ipred",
        "lifecycle",
        "lubridate",
        "magrittr",
        "purrr",
        "rlang",
        "stats",
        "tibble",
        "tidyr",
        "tidyselect",
        "timeDate",
        "utils",
        "vctrs",
        "withr"
      ],
      "Hash": "eb53ffc9674dc9a52c3a7e22d96d3f56"
    },
    "renv": {
      "Package": "renv",
      "Version": "0.17.3",
      "Source": "Repository",
      "Repository": "CRAN",
      "Requirements": [
        "utils"
      ],
      "Hash": "4543b8cd233ae25c6aba8548be9e747e"
    },
    "rsample": {
      "Package": "rsample",
      "Version": "1.1.1",
      "Source": "Repository",
      "Repository": "CRAN",
      "Requirements": [
        "R",
        "dplyr",
        "furrr",
        "generics",
        "glue",
        "methods",
        "pillar",
        "purrr",
        "rlang",
        "slider",
        "tibble",
        "tidyr",
        "tidyselect",
        "vctrs"
      ],
      "Hash": "cb0c54ebc268ec382be8e4d4a8c34557"
    },
    "rstudioapi": {
      "Package": "rstudioapi",
      "Version": "0.13",
      "Source": "Repository",
      "Repository": "CRAN",
      "Hash": "06c85365a03fdaf699966cc1d3cf53ea"
    },
    "rvest": {
      "Package": "rvest",
      "Version": "1.0.3",
      "Source": "Repository",
      "Repository": "CRAN",
      "Requirements": [
        "R",
        "cli",
        "glue",
        "httr",
        "lifecycle",
        "magrittr",
        "rlang",
        "selectr",
        "tibble",
        "withr",
        "xml2"
      ],
      "Hash": "a4a5ac819a467808c60e36e92ddf195e"
    },
    "scales": {
      "Package": "scales",
      "Version": "1.2.1",
      "Source": "Repository",
      "Repository": "CRAN",
      "Requirements": [
        "R",
        "R6",
        "RColorBrewer",
        "farver",
        "labeling",
        "lifecycle",
        "munsell",
        "rlang",
        "viridisLite"
      ],
      "Hash": "906cb23d2f1c5680b8ce439b44c6fa63"
    },
    "shiny": {
      "Package": "shiny",
      "Version": "1.7.4",
      "Source": "Repository",
      "Repository": "CRAN",
      "Requirements": [
        "R",
        "R6",
        "bslib",
        "cachem",
        "commonmark",
        "crayon",
        "ellipsis",
        "fastmap",
        "fontawesome",
        "glue",
        "grDevices",
        "htmltools",
        "httpuv",
        "jsonlite",
        "later",
        "lifecycle",
        "methods",
        "mime",
        "promises",
        "rlang",
        "sourcetools",
        "tools",
        "utils",
        "withr",
        "xtable"
      ],
      "Hash": "c2eae3d8c670fa9dfa35a12066f4a1d5"
    },
    "shinyWidgets": {
      "Package": "shinyWidgets",
      "Version": "0.7.6",
      "Source": "Repository",
      "Repository": "CRAN",
      "Requirements": [
        "R",
        "anytime",
        "bslib",
        "grDevices",
        "htmltools",
        "jsonlite",
        "rlang",
        "sass",
        "shiny"
      ],
      "Hash": "fd889b32caa37b8ed9b1e9e7ef1564bc"
    },
    "shinydashboard": {
      "Package": "shinydashboard",
      "Version": "0.7.2",
      "Source": "Repository",
      "Repository": "CRAN",
      "Requirements": [
        "R",
        "htmltools",
        "promises",
        "shiny",
        "utils"
      ],
      "Hash": "e418b532e9bb4eb22a714b9a9f1acee7"
    },
    "shinydashboardPlus": {
      "Package": "shinydashboardPlus",
      "Version": "2.0.3",
      "Source": "Repository",
      "Repository": "CRAN",
      "Requirements": [
        "fresh",
        "htmltools",
        "lifecycle",
        "shiny",
        "shinydashboard",
        "waiter"
      ],
      "Hash": "5045276dcad7ad9b785d593b1a710681"
    },
    "shinythemes": {
      "Package": "shinythemes",
      "Version": "1.2.0",
      "Source": "Repository",
      "Repository": "CRAN",
      "Requirements": [
        "R",
        "shiny"
      ],
      "Hash": "30f0ebc41feba25691073626ff5e2cf4"
    },
    "skimr": {
      "Package": "skimr",
      "Version": "2.1.5",
      "Source": "Repository",
      "Repository": "CRAN",
      "Requirements": [
        "R",
        "cli",
        "dplyr",
        "knitr",
        "magrittr",
        "pillar",
        "purrr",
        "repr",
        "rlang",
        "stats",
        "stringr",
        "tibble",
        "tidyr",
        "tidyselect",
        "vctrs"
      ],
      "Hash": "8f138ff2c8fbea9e0a523f6c399c0386"
    },
    "stringdist": {
      "Package": "stringdist",
      "Version": "0.9.10",
      "Source": "Repository",
      "Repository": "CRAN",
      "Requirements": [
        "R",
        "parallel"
      ],
      "Hash": "d68492ba784c0797d9e49f8182bc98d4"
    },
    "stringi": {
      "Package": "stringi",
      "Version": "1.7.12",
      "Source": "Repository",
      "Repository": "CRAN",
      "Requirements": [
        "R",
        "stats",
        "tools",
        "utils"
      ],
      "Hash": "ca8bd84263c77310739d2cf64d84d7c9"
    },
    "stringr": {
      "Package": "stringr",
      "Version": "1.5.0",
      "Source": "Repository",
      "Repository": "CRAN",
      "Requirements": [
        "R",
        "cli",
        "glue",
        "lifecycle",
        "magrittr",
        "rlang",
        "stringi",
        "vctrs"
      ],
      "Hash": "671a4d384ae9d32fc47a14e98bfa3dc8"
    },
    "themis": {
      "Package": "themis",
      "Version": "1.0.1",
      "Source": "Repository",
      "Repository": "CRAN",
      "Requirements": [
        "R",
        "RANN",
        "ROSE",
        "dplyr",
        "generics",
        "glue",
        "gower",
        "hardhat",
        "lifecycle",
        "purrr",
        "recipes",
        "rlang",
        "tibble",
        "withr"
      ],
      "Hash": "4fa2387b2ff97f858edf7f3f604f1e14"
    },
    "tibble": {
      "Package": "tibble",
      "Version": "3.2.1",
      "Source": "Repository",
      "Repository": "CRAN",
      "Requirements": [
        "R",
        "fansi",
        "lifecycle",
        "magrittr",
        "methods",
        "pillar",
        "pkgconfig",
        "rlang",
        "utils",
        "vctrs"
      ],
      "Hash": "a84e2cc86d07289b3b6f5069df7a004c"
    },
    "tidyr": {
      "Package": "tidyr",
      "Version": "1.3.0",
      "Source": "Repository",
      "Repository": "CRAN",
      "Requirements": [
        "R",
        "cli",
        "cpp11",
        "dplyr",
        "glue",
        "lifecycle",
        "magrittr",
        "purrr",
        "rlang",
        "stringr",
        "tibble",
        "tidyselect",
        "utils",
        "vctrs"
      ],
      "Hash": "e47debdc7ce599b070c8e78e8ac0cfcf"
    },
    "tune": {
      "Package": "tune",
      "Version": "1.1.1",
      "Source": "Repository",
      "Repository": "CRAN",
      "Requirements": [
        "GPfit",
        "R",
        "cli",
        "dials",
        "dplyr",
        "foreach",
        "generics",
        "ggplot2",
        "glue",
        "hardhat",
        "lifecycle",
        "parsnip",
        "purrr",
        "recipes",
        "rlang",
        "rsample",
        "tibble",
        "tidyr",
        "tidyselect",
        "vctrs",
        "withr",
        "workflows",
        "yardstick"
      ],
      "Hash": "abf2edf028c09305eaf0159fbb27d851"
    },
    "usemodels": {
      "Package": "usemodels",
      "Version": "0.2.0",
      "Source": "Repository",
      "Repository": "CRAN",
      "Requirements": [
        "cli",
        "clipr",
        "dplyr",
        "purrr",
        "recipes",
        "rlang",
        "tidyr",
        "tune"
      ],
      "Hash": "b08c9b87f51ecb707482194e3bd70322"
    },
    "vusa": {
      "Package": "vusa",
      "Version": "0.29.2.9000",
      "Source": "Bitbucket",
      "RemoteType": "bitbucket",
      "RemoteHost": "api.bitbucket.org/2.0",
      "RemoteUsername": "vustudentanalytics",
      "RemoteRepo": "vusa",
      "RemoteRef": "master",
      "RemoteSha": "fb3dd0efee0d9515b049be54988976aee209d516",
      "Requirements": [
        "BurStMisc",
        "R",
        "checkmate",
        "cli",
        "data.table",
        "dplyr",
        "lubridate",
        "magrittr",
        "purrr",
        "readr",
        "stats",
        "stringr",
        "this.path",
        "tibble",
        "tidyr",
        "utils"
      ],
      "Hash": "0ede0d072331ca60b5ed868a49b9a9a0"
    },
    "vvauditor": {
      "Package": "vvauditor",
      "Version": "0.8.10.9000",
      "Source": "Bitbucket",
      "RemoteType": "bitbucket",
      "RemoteHost": "api.bitbucket.org/2.0",
      "RemoteUsername": "vustudentanalytics",
      "RemoteRepo": "vvauditor",
      "RemoteRef": "main",
      "RemoteSha": "37f45e3a90de14a5503026ea14430d3c50495cd4",
      "Requirements": [
        "BurStMisc",
        "checkmate",
        "cli",
        "data.table",
        "dplyr",
        "findR",
        "fs",
        "kit",
        "lintr",
        "lubridate",
        "purrr",
        "readr",
        "rex",
        "rlang",
        "rstudioapi",
        "slackr",
        "stats",
        "stringi",
        "stringr",
        "this.path",
        "tibble",
        "tidyr",
        "tidyselect",
        "vroom",
        "xml2"
      ],
      "Hash": "7ee70dbc25623294b3f390294af46803"
    },
    "vvcommander": {
      "Package": "vvcommander",
      "Version": "0.5.7.9000",
      "Source": "Bitbucket",
      "RemoteType": "bitbucket",
      "RemoteHost": "api.bitbucket.org/2.0",
      "RemoteUsername": "vustudentanalytics",
      "RemoteRepo": "vvcommander",
      "RemoteRef": "main",
      "RemoteSha": "c416698c37367bea0c007eac08ed18625ca7e36f",
      "Requirements": [
        "RCurl",
        "cli",
        "readr",
        "rstudioapi",
        "stringr",
        "this.path"
      ],
      "Hash": "a5e23d0c9e55364d201de474ee10407c"
    },
    "vvconverter": {
      "Package": "vvconverter",
      "Version": "0.6.4.9000",
      "Source": "Bitbucket",
      "RemoteType": "bitbucket",
      "RemoteHost": "api.bitbucket.org/2.0",
      "RemoteUsername": "vustudentanalytics",
      "RemoteRepo": "vvconverter",
      "RemoteRef": "main",
      "RemoteSha": "f5fae69efe3e1b7647b2dc1f9f04860a52dd309c",
      "Requirements": [
        "checkmate",
        "dplyr",
        "lubridate",
        "stringr",
        "tibble"
      ],
      "Hash": "a0b9333345b698f5a89be165ea4ed02f"
    },
    "vvfiller": {
      "Package": "vvfiller",
      "Version": "0.6.4.9000",
      "Source": "Bitbucket",
      "RemoteType": "bitbucket",
      "RemoteHost": "api.bitbucket.org/2.0",
      "RemoteUsername": "vustudentanalytics",
      "RemoteRepo": "vvfiller",
      "RemoteRef": "main",
      "RemoteSha": "cbbce6c665b5642fe7102943b7384923d27275f2",
      "Requirements": [
        "dplyr",
        "purrr",
        "rlang"
      ],
      "Hash": "8c6a112e4980e6458b5dddf553071576"
    },
    "vvmodeller": {
      "Package": "vvmodeller",
      "Version": "0.5.5.9000",
      "Source": "Bitbucket",
      "RemoteType": "bitbucket",
      "RemoteHost": "api.bitbucket.org/2.0",
      "RemoteUsername": "vustudentanalytics",
      "RemoteRepo": "vvmodeller",
      "RemoteRef": "main",
      "RemoteSha": "8c691e477feafce2211303ba769db25314903d44",
      "Requirements": [
        "GGally",
        "R",
        "RColorBrewer",
        "ROCR",
        "XML",
        "data.table",
        "dplyr",
        "ggplot2",
        "graphics",
        "grid",
        "gridExtra",
        "pander",
        "purrr",
        "stats",
        "stringr",
        "vvauditor",
        "xml2"
      ],
      "Hash": "726d3e95c729c11c8fad77565af5270d"
    },
    "vvmover": {
      "Package": "vvmover",
      "Version": "1.9.11.9000",
      "Source": "Bitbucket",
      "RemoteType": "bitbucket",
      "RemoteHost": "api.bitbucket.org/2.0",
      "RemoteUsername": "vustudentanalytics",
      "RemoteRepo": "vvmover",
      "RemoteRef": "main",
      "RemoteSha": "d437326cc7c981422590d81182e321b07ef79443",
      "Requirements": [
        "cli",
        "data.table",
        "digest",
        "dplyr",
        "fst",
        "janitor",
        "lubridate",
        "purrr",
        "readr",
        "readxl",
        "rstudioapi",
        "scriptName",
        "slackr",
        "stringi",
        "stringr",
        "this.path",
        "tibble",
        "tidyr",
        "utils"
      ],
      "Hash": "9480e5c657f5814e9a24582613ea76f1"
    },
    "vvsculptor": {
      "Package": "vvsculptor",
      "Version": "0.5.7.9000",
      "Source": "Bitbucket",
      "RemoteType": "bitbucket",
      "RemoteHost": "api.bitbucket.org/2.0",
      "RemoteUsername": "vustudentanalytics",
      "RemoteRepo": "vvsculptor",
      "RemoteRef": "main",
      "RemoteSha": "ba692fb57969a98d02e2e45bf5588b736ff1e44e",
      "Requirements": [
        "dplyr",
        "plyr",
        "purrr",
        "readr",
        "slackr",
        "stats",
        "stringr",
        "tibble",
        "tidyr",
        "utils"
      ],
      "Hash": "50edb0ccbaf7448b1a2afbe2005b1b6d"
    },
    "workflows": {
      "Package": "workflows",
      "Version": "1.1.3",
      "Source": "Repository",
      "Repository": "CRAN",
      "Requirements": [
        "R",
        "cli",
        "generics",
        "glue",
        "hardhat",
        "lifecycle",
        "modelenv",
        "parsnip",
        "rlang",
        "tidyselect",
        "vctrs"
      ],
      "Hash": "553cd1d3d88da41e40f70b04f657a164"
    },
    "workflowsets": {
      "Package": "workflowsets",
      "Version": "1.0.1",
      "Source": "Repository",
      "Repository": "CRAN",
      "Requirements": [
        "R",
        "cli",
        "dplyr",
        "generics",
        "ggplot2",
        "glue",
        "hardhat",
        "lifecycle",
        "parsnip",
        "pillar",
        "prettyunits",
        "purrr",
        "rlang",
        "rsample",
        "stats",
        "tibble",
        "tidyr",
        "tune",
        "vctrs",
        "withr",
        "workflows"
      ],
      "Hash": "7393bad2a9c83d549e79bd641f6bf67a"
    },
    "xgboost": {
      "Package": "xgboost",
      "Version": "1.7.5.1",
      "Source": "Repository",
      "Repository": "CRAN",
      "Requirements": [
        "Matrix",
        "R",
        "data.table",
        "jsonlite",
        "methods"
      ],
      "Hash": "6b8d09cf8ffc148162a4d57d01e61490"
    },
    "yardstick": {
      "Package": "yardstick",
      "Version": "1.2.0",
      "Source": "Repository",
      "Repository": "CRAN",
      "Requirements": [
        "R",
        "cli",
        "dplyr",
        "generics",
        "hardhat",
        "lifecycle",
        "rlang",
        "tibble",
        "tidyselect",
        "utils",
        "vctrs"
      ],
      "Hash": "935418860629e50d2a2c495ea0a05221"
    }
  }
}
